
Microsoft Visual Studio Solution File, Format Version 12.00
# Visual Studio Version 16
VisualStudioVersion = 16.0.29509.3
MinimumVisualStudioVersion = 10.0.40219.1
Project("{FAE04EC0-301F-11D3-BF4B-00C04F79EFBC}") = "WpfApp3", "WpfApp3\WpfApp3.csproj", "{44271F2B-E7AE-46C0-8D31-8E924E06C03A}"
EndProject
Global
	GlobalSection(SolutionConfigurationPlatforms) = preSolution
		Debug|Any CPU = Debug|Any CPU
		Release|Any CPU = Release|Any CPU
	EndGlobalSection
	GlobalSection(ProjectConfigurationPlatforms) = postSolution
		{44271F2B-E7AE-46C0-8D31-8E924E06C03A}.Debug|Any CPU.ActiveCfg = Debug|Any CPU
		{44271F2B-E7AE-46C0-8D31-8E924E06C03A}.Debug|Any CPU.Build.0 = Debug|Any CPU
		{44271F2B-E7AE-46C0-8D31-8E924E06C03A}.Release|Any CPU.ActiveCfg = Release|Any CPU
		{44271F2B-E7AE-46C0-8D31-8E924E06C03A}.Release|Any CPU.Build.0 = Release|Any CPU
	EndGlobalSection
	GlobalSection(SolutionProperties) = preSolution
		HideSolutionNode = FALSE
	EndGlobalSection
	GlobalSection(ExtensibilityGlobals) = postSolution
		SolutionGuid = {8F015132-2D09-4596-8446-A78A3A7953B7}
	EndGlobalSection
EndGlobal
